
Microsoft Visual Studio Solution File, Format Version 12.00
# Visual Studio Version 17
VisualStudioVersion = 17.11.35431.28
MinimumVisualStudioVersion = 10.0.40219.1
Project("{FAE04EC0-301F-11D3-BF4B-00C04F79EFBC}") = "RobillosBackPropagation", "RobillosBackPropagation\RobillosBackPropagation.csproj", "{B11B42D9-9E54-495D-9F08-E54FBC1544A7}"
EndProject
Global
	GlobalSection(SolutionConfigurationPlatforms) = preSolution
		Debug|Any CPU = Debug|Any CPU
		Release|Any CPU = Release|Any CPU
	EndGlobalSection
	GlobalSection(ProjectConfigurationPlatforms) = postSolution
		{B11B42D9-9E54-495D-9F08-E54FBC1544A7}.Debug|Any CPU.ActiveCfg = Debug|Any CPU
		{B11B42D9-9E54-495D-9F08-E54FBC1544A7}.Debug|Any CPU.Build.0 = Debug|Any CPU
		{B11B42D9-9E54-495D-9F08-E54FBC1544A7}.Release|Any CPU.ActiveCfg = Release|Any CPU
		{B11B42D9-9E54-495D-9F08-E54FBC1544A7}.Release|Any CPU.Build.0 = Release|Any CPU
	EndGlobalSection
	GlobalSection(SolutionProperties) = preSolution
		HideSolutionNode = FALSE
	EndGlobalSection
	GlobalSection(ExtensibilityGlobals) = postSolution
		SolutionGuid = {6B2E1BB6-4FB3-40E4-91CD-D45F2B7989EC}
	EndGlobalSection
EndGlobal
